{
  "requires": true,
  "lockfileVersion": 1,
  "dependencies": {
    "@babel/runtime": {
      "version": "7.15.4",
      "resolved": "https://registry.npmjs.org/@babel/runtime/-/runtime-7.15.4.tgz",
      "integrity": "sha512-99catp6bHCaxr4sJ/DbTGgHS4+Rs2RVd2g7iOap6SLGPDknRK9ztKNsE/Fg6QhSeh1FGE5f6gHGQmvvn3I3xhw==",
      "requires": {
        "regenerator-runtime": "^0.13.4"
      }
    },
    "@twilio/live-player-sdk": {
      "version": "1.0.0",
      "resolved": "https://registry.npmjs.org/@twilio/live-player-sdk/-/live-player-sdk-1.0.0.tgz",
      "integrity": "sha512-qGJdw8AsrYV8S1BOErmYoZl+n1vXV1TKrnOzCs0CMvRhLSMiZ8z3KXYro9oiliJ5o9i33IV/Ji7c4Fv3YrX5kA==",
      "requires": {
        "@types/backoff": "2.5.2",
        "@types/node": "14.14.31",
        "amazon-ivs-player": "1.5.0",
        "backoff": "2.5.0",
        "safe-buffer": "5.2.1"
      }
    },
    "@types/backoff": {
      "version": "2.5.2",
      "resolved": "https://registry.npmjs.org/@types/backoff/-/backoff-2.5.2.tgz",
      "integrity": "sha512-oa1YvggujhVppgeIct3LBkbCVXKh97fvOFIR6VlFLxRCeswk/KBRQKg7zoX832vlCP5bGLOFqC9hY7vsDeL9AA==",
      "requires": {
        "@types/node": "*"
      }
    },
    "@types/node": {
      "version": "14.14.31",
      "resolved": "https://registry.npmjs.org/@types/node/-/node-14.14.31.tgz",
      "integrity": "sha512-vFHy/ezP5qI0rFgJ7aQnjDXwAMrG0KqqIH7tQG5PPv3BWBayOPIQNBjVc/P6hhdZfMx51REc6tfDNXHUio893g=="
    },
    "amazon-ivs-player": {
      "version": "1.5.0",
      "resolved": "https://registry.npmjs.org/amazon-ivs-player/-/amazon-ivs-player-1.5.0.tgz",
      "integrity": "sha512-CTz+JfDyNqC6qQqOKkhNvOpFoqXutIoOLfNt98KULUPYws1+SdVPGVmVCPnS9zIlhoPDYkRCbg+FYAbXuvfWzw==",
      "requires": {
        "@babel/runtime": "^7.9.2",
        "bowser": "^2.10.0",
        "promise-polyfill": "^8.1.3",
        "typescript": "^4.1.5"
      }
    },
    "backoff": {
      "version": "2.5.0",
      "resolved": "https://registry.npmjs.org/backoff/-/backoff-2.5.0.tgz",
      "integrity": "sha1-9hbtqdPktmuMp/ynn2lXIsX44m8=",
      "requires": {
        "precond": "0.2"
      }
    },
    "bowser": {
      "version": "2.11.0",
      "resolved": "https://registry.npmjs.org/bowser/-/bowser-2.11.0.tgz",
      "integrity": "sha512-AlcaJBi/pqqJBIQ8U9Mcpc9i8Aqxn88Skv5d+xBX006BY5u8N3mGLHa5Lgppa7L/HfwgwLgZ6NYs+Ag6uUmJRA=="
    },
    "precond": {
      "version": "0.2.3",
      "resolved": "https://registry.npmjs.org/precond/-/precond-0.2.3.tgz",
      "integrity": "sha1-qpWRvKokkj8eD0hJ0kD0fvwQdaw="
    },
    "promise-polyfill": {
      "version": "8.2.1",
      "resolved": "https://registry.npmjs.org/promise-polyfill/-/promise-polyfill-8.2.1.tgz",
      "integrity": "sha512-3p9zj0cEHbp7NVUxEYUWjQlffXqnXaZIMPkAO7HhFh8u5636xLRDHOUo2vpWSK0T2mqm6fKLXYn1KP6PAZ2gKg=="
    },
    "regenerator-runtime": {
      "version": "0.13.9",
      "resolved": "https://registry.npmjs.org/regenerator-runtime/-/regenerator-runtime-0.13.9.tgz",
      "integrity": "sha512-p3VT+cOEgxFsRRA9X4lkI1E+k2/CtnKtU4gcxyaCUreilL/vqI6CdZ3wxVUx3UOUg+gnUOQQcRI7BmSI656MYA=="
    },
    "safe-buffer": {
      "version": "5.2.1",
      "resolved": "https://registry.npmjs.org/safe-buffer/-/safe-buffer-5.2.1.tgz",
      "integrity": "sha512-rp3So07KcdmmKbGvgaNxQSJr7bGVSVk5S9Eq1F+ppbRo70+YeaDxkw5Dd8NPN+GD6bjnYm2VuPuCXmpuYvmCXQ=="
    },
    "typescript": {
      "version": "4.4.4",
      "resolved": "https://registry.npmjs.org/typescript/-/typescript-4.4.4.tgz",
      "integrity": "sha512-DqGhF5IKoBl8WNf8C1gu8q0xZSInh9j1kJJMqT3a94w1JzVaBU4EXOSMrz9yDqMT0xt3selp83fuFMQ0uzv6qA=="
    }
  }
}
